{
  "name": "webdev_devops_100xdevs",
  "version": "1.0.0",
  "lockfileVersion": 3,
  "requires": true,
  "packages": {
    "": {
      "name": "webdev_devops_100xdevs",
      "version": "1.0.0",
      "license": "ISC",
      "dependencies": {
        "flat": "^6.0.1"
      },
      "devDependencies": {
        "lodash": "^4.17.21"
      }
    },
    "node_modules/flat": {
      "version": "6.0.1",
      "resolved": "https://registry.npmjs.org/flat/-/flat-6.0.1.tgz",
      "integrity": "sha512-/3FfIa8mbrg3xE7+wAhWeV+bd7L2Mof+xtZb5dRDKZ+wDvYJK4WDYeIOuOhre5Yv5aQObZrlbRmk3RTSiuQBtw==",
      "license": "BSD-3-Clause",
      "bin": {
        "flat": "cli.js"
      },
      "engines": {
        "node": ">=18"
      }
    },
    "node_modules/lodash": {
      "version": "4.17.21",
      "resolved": "https://registry.npmjs.org/lodash/-/lodash-4.17.21.tgz",
      "integrity": "sha512-v2kDEe57lecTulaDIuNTPy3Ry4gLGJ6Z1O3vE1krgXZNrsQ+LFTGHVxVjcXPs17LhbZVGedAJv8XZ1tvj5FvSg==",
      "dev": true,
      "license": "MIT"
    }
  }
}
